
Microsoft Visual Studio Solution File, Format Version 11.00
# Visual Studio 2010
Project("{FAE04EC0-301F-11D3-BF4B-00C04F79EFBC}") = "CiniArkanoid", "Assembly-CSharp.csproj", "{CF46E95C-F57C-A01C-035D-2C15401ABB65}"
EndProject
Global
	GlobalSection(SolutionConfigurationPlatforms) = preSolution
		Debug|Any CPU = Debug|Any CPU
		Release|Any CPU = Release|Any CPU
	EndGlobalSection
	GlobalSection(ProjectConfigurationPlatforms) = postSolution
		{CF46E95C-F57C-A01C-035D-2C15401ABB65}.Debug|Any CPU.ActiveCfg = Debug|Any CPU
		{CF46E95C-F57C-A01C-035D-2C15401ABB65}.Debug|Any CPU.Build.0 = Debug|Any CPU
		{CF46E95C-F57C-A01C-035D-2C15401ABB65}.Release|Any CPU.ActiveCfg = Release|Any CPU
		{CF46E95C-F57C-A01C-035D-2C15401ABB65}.Release|Any CPU.Build.0 = Release|Any CPU
	EndGlobalSection
	GlobalSection(SolutionProperties) = preSolution
		HideSolutionNode = FALSE
	EndGlobalSection
	GlobalSection(MonoDevelopProperties) = preSolution
		StartupItem = Assembly-CSharp.csproj
	EndGlobalSection
EndGlobal
